{
  "name": "B",
  "lockfileVersion": 3,
  "requires": true,
  "packages": {
    "": {
      "dependencies": {
        "@minecraft/server": "^1.5.0-beta.1.20.20-preview.21"
      }
    },
    "node_modules/@minecraft/server": {
      "version": "1.5.0-beta.1.20.20-preview.21",
      "resolved": "https://registry.npmjs.org/@minecraft/server/-/server-1.5.0-beta.1.20.20-preview.21.tgz",
      "integrity": "sha512-ZOA7XgJu9/fOd22vtdoymhKlWTu9HuNBYM9wBa7GWlzABV9are7sKWvtIxg1P0d4ESMki1yJSAz7rUKuf0zVDw=="
    }
  }
}
